// !$*UTF8*$!
{
	archiveVersion = 1;
	classes = {
	};
	objectVersion = 50;
	objects = {

/* Begin PBXBuildFile section */
		301DC118240D899D000C5C85 /* AppDelegate.swift in Sources */ = {isa = PBXBuildFile; fileRef = 301DC117240D899D000C5C85 /* AppDelegate.swift */; };
		301DC11A240D899D000C5C85 /* SceneDelegate.swift in Sources */ = {isa = PBXBuildFile; fileRef = 301DC119240D899D000C5C85 /* SceneDelegate.swift */; };
		301DC11C240D899D000C5C85 /* ViewController.swift in Sources */ = {isa = PBXBuildFile; fileRef = 301DC11B240D899D000C5C85 /* ViewController.swift */; };
		301DC11F240D899D000C5C85 /* Main.storyboard in Resources */ = {isa = PBXBuildFile; fileRef = 301DC11D240D899D000C5C85 /* Main.storyboard */; };
		301DC121240D899F000C5C85 /* Assets.xcassets in Resources */ = {isa = PBXBuildFile; fileRef = 301DC120240D899F000C5C85 /* Assets.xcassets */; };
		301DC124240D899F000C5C85 /* LaunchScreen.storyboard in Resources */ = {isa = PBXBuildFile; fileRef = 301DC122240D899F000C5C85 /* LaunchScreen.storyboard */; };
		30C60563241829A9004CB126 /* TableViewCell.swift in Sources */ = {isa = PBXBuildFile; fileRef = 30C60562241829A9004CB126 /* TableViewCell.swift */; };
/* End PBXBuildFile section */

/* Begin PBXFileReference section */
		301DC114240D899D000C5C85 /* meu dia.app */ = {isa = PBXFileReference; explicitFileType = wrapper.application; includeInIndex = 0; path = "meu dia.app"; sourceTree = BUILT_PRODUCTS_DIR; };
		301DC117240D899D000C5C85 /* AppDelegate.swift */ = {isa = PBXFileReference; lastKnownFileType = sourcecode.swift; path = AppDelegate.swift; sourceTree = "<group>"; };
		301DC119240D899D000C5C85 /* SceneDelegate.swift */ = {isa = PBXFileReference; lastKnownFileType = sourcecode.swift; path = SceneDelegate.swift; sourceTree = "<group>"; };
		301DC11B240D899D000C5C85 /* ViewController.swift */ = {isa = PBXFileReference; lastKnownFileType = sourcecode.swift; path = ViewController.swift; sourceTree = "<group>"; };
		301DC11E240D899D000C5C85 /* Base */ = {isa = PBXFileReference; lastKnownFileType = file.storyboard; name = Base; path = Base.lproj/Main.storyboard; sourceTree = "<group>"; };
		301DC120240D899F000C5C85 /* Assets.xcassets */ = {isa = PBXFileReference; lastKnownFileType = folder.assetcatalog; path = Assets.xcassets; sourceTree = "<group>"; };
		301DC123240D899F000C5C85 /* Base */ = {isa = PBXFileReference; lastKnownFileType = file.storyboard; name = Base; path = Base.lproj/LaunchScreen.storyboard; sourceTree = "<group>"; };
		301DC125240D899F000C5C85 /* Info.plist */ = {isa = PBXFileReference; lastKnownFileType = text.plist.xml; path = Info.plist; sourceTree = "<group>"; };
		30C60562241829A9004CB126 /* TableViewCell.swift */ = {isa = PBXFileReference; lastKnownFileType = sourcecode.swift; path = TableViewCell.swift; sourceTree = "<group>"; };
/* End PBXFileReference section */

/* Begin PBXFrameworksBuildPhase section */
		301DC111240D899D000C5C85 /* Frameworks */ = {
			isa = PBXFrameworksBuildPhase;
			buildActionMask = 2147483647;
			files = (
			);
			runOnlyForDeploymentPostprocessing = 0;
		};
/* End PBXFrameworksBuildPhase section */

/* Begin PBXGroup section */
		301DC10B240D899D000C5C85 = {
			isa = PBXGroup;
			children = (
				301DC116240D899D000C5C85 /* meu dia */,
				301DC115240D899D000C5C85 /* Products */,
			);
			sourceTree = "<group>";
		};
		301DC115240D899D000C5C85 /* Products */ = {
			isa = PBXGroup;
			children = (
				301DC114240D899D000C5C85 /* meu dia.app */,
			);
			name = Products;
			sourceTree = "<group>";
		};
		301DC116240D899D000C5C85 /* meu dia */ = {
			isa = PBXGroup;
			children = (
				301DC117240D899D000C5C85 /* AppDelegate.swift */,
				301DC119240D899D000C5C85 /* SceneDelegate.swift */,
				301DC11B240D899D000C5C85 /* ViewController.swift */,
				30C60562241829A9004CB126 /* TableViewCell.swift */,
				301DC11D240D899D000C5C85 /* Main.storyboard */,
				301DC120240D899F000C5C85 /* Assets.xcassets */,
				301DC122240D899F000C5C85 /* LaunchScreen.storyboard */,
				301DC125240D899F000C5C85 /* Info.plist */,
			);
			path = "meu dia";
			sourceTree = "<group>";
		};
/* End PBXGroup section */

/* Begin PBXNativeTarget section */
		301DC113240D899D000C5C85 /* meu dia */ = {
			isa = PBXNativeTarget;
			buildConfigurationList = 301DC128240D899F000C5C85 /* Build configuration list for PBXNativeTarget "meu dia" */;
			buildPhases = (
				301DC110240D899D000C5C85 /* Sources */,
				301DC111240D899D000C5C85 /* Frameworks */,
				301DC112240D899D000C5C85 /* Resources */,
			);
			buildRules = (
			);
			dependencies = (
			);
			name = "meu dia";
			productName = "meu dia";
			productReference = 301DC114240D899D000C5C85 /* meu dia.app */;
			productType = "com.apple.product-type.application";
		};
/* End PBXNativeTarget section */

/* Begin PBXProject section */
		301DC10C240D899D000C5C85 /* Project object */ = {
			isa = PBXProject;
			attributes = {
				LastSwiftUpdateCheck = 1130;
				LastUpgradeCheck = 1130;
				ORGANIZATIONNAME = "Ana Clara Ferreira B. Lopes";
				TargetAttributes = {
					301DC113240D899D000C5C85 = {
						CreatedOnToolsVersion = 11.3.1;
					};
				};
			};
			buildConfigurationList = 301DC10F240D899D000C5C85 /* Build configuration list for PBXProject "meu dia" */;
			compatibilityVersion = "Xcode 9.3";
			developmentRegion = en;
			hasScannedForEncodings = 0;
			knownRegions = (
				en,
				Base,
			);
			mainGroup = 301DC10B240D899D000C5C85;
			productRefGroup = 301DC115240D899D000C5C85 /* Products */;
			projectDirPath = "";
			projectRoot = "";
			targets = (
				301DC113240D899D000C5C85 /* meu dia */,
			);
		};
/* End PBXProject section */

/* Begin PBXResourcesBuildPhase section */
		301DC112240D899D000C5C85 /* Resources */ = {
			isa = PBXResourcesBuildPhase;
			buildActionMask = 2147483647;
			files = (
				301DC124240D899F000C5C85 /* LaunchScreen.storyboard in Resources */,
				301DC121240D899F000C5C85 /* Assets.xcassets in Resources */,
				301DC11F240D899D000C5C85 /* Main.storyboard in Resources */,
			);
			runOnlyForDeploymentPostprocessing = 0;
		};
/* End PBXResourcesBuildPhase section */

/* Begin PBXSourcesBuildPhase section */
		301DC110240D899D000C5C85 /* Sources */ = {
			isa = PBXSourcesBuildPhase;
			buildActionMask = 2147483647;
			files = (
				301DC11C240D899D000C5C85 /* ViewController.swift in Sources */,
				301DC118240D899D000C5C85 /* AppDelegate.swift in Sources */,
				30C60563241829A9004CB126 /* TableViewCell.swift in Sources */,
				301DC11A240D899D000C5C85 /* SceneDelegate.swift in Sources */,
			);
			runOnlyForDeploymentPostprocessing = 0;
		};
/* End PBXSourcesBuildPhase section */

/* Begin PBXVariantGroup section */
		301DC11D240D899D000C5C85 /* Main.storyboard */ = {
			isa = PBXVariantGroup;
			children = (
				301DC11E240D899D000C5C85 /* Base */,
			);
			name = Main.storyboard;
			sourceTree = "<group>";
		};
		301DC122240D899F000C5C85 /* LaunchScreen.storyboard */ = {
			isa = PBXVariantGroup;
			children = (
				301DC123240D899F000C5C85 /* Base */,
			);
			name = LaunchScreen.storyboard;
			sourceTree = "<group>";
		};
/* End PBXVariantGroup section */

/* Begin XCBuildConfiguration section */
		301DC126240D899F000C5C85 /* Debug */ = {
			isa = XCBuildConfiguration;
			buildSettings = {
				ALWAYS_SEARCH_USER_PATHS = NO;
				CLANG_ANALYZER_NONNULL = YES;
				CLANG_ANALYZER_NUMBER_OBJECT_CONVERSION = YES_AGGRESSIVE;
				CLANG_CXX_LANGUAGE_STANDARD = "gnu++14";
				CLANG_CXX_LIBRARY = "libc++";
				CLANG_ENABLE_MODULES = YES;
				CLANG_ENABLE_OBJC_ARC = YES;
				CLANG_ENABLE_OBJC_WEAK = YES;
				CLANG_WARN_BLOCK_CAPTURE_AUTORELEASING = YES;
				CLANG_WARN_BOOL_CONVERSION = YES;
				CLANG_WARN_COMMA = YES;
				CLANG_WARN_CONSTANT_CONVERSION = YES;
				CLANG_WARN_DEPRECATED_OBJC_IMPLEMENTATIONS = YES;
				CLANG_WARN_DIRECT_OBJC_ISA_USAGE = YES_ERROR;
				CLANG_WARN_DOCUMENTATION_COMMENTS = YES;
				CLANG_WARN_EMPTY_BODY = YES;
				CLANG_WARN_ENUM_CONVERSION = YES;
				CLANG_WARN_INFINITE_RECURSION = YES;
				CLANG_WARN_INT_CONVERSION = YES;
				CLANG_WARN_NON_LITERAL_NULL_CONVERSION = YES;
				CLANG_WARN_OBJC_IMPLICIT_RETAIN_SELF = YES;
				CLANG_WARN_OBJC_LITERAL_CONVERSION = YES;
				CLANG_WARN_OBJC_ROOT_CLASS = YES_ERROR;
				CLANG_WARN_RANGE_LOOP_ANALYSIS = YES;
				CLANG_WARN_STRICT_PROTOTYPES = YES;
				CLANG_WARN_SUSPICIOUS_MOVE = YES;
				CLANG_WARN_UNGUARDED_AVAILABILITY = YES_AGGRESSIVE;
				CLANG_WARN_UNREACHABLE_CODE = YES;
				CLANG_WARN__DUPLICATE_METHOD_MATCH = YES;
				COPY_PHASE_STRIP = NO;
				DEBUG_INFORMATION_FORMAT = dwarf;
				ENABLE_STRICT_OBJC_MSGSEND = YES;
				ENABLE_TESTABILITY = YES;
				GCC_C_LANGUAGE_STANDARD = gnu11;
				GCC_DYNAMIC_NO_PIC = NO;
				GCC_NO_COMMON_BLOCKS = YES;
				GCC_OPTIMIZATION_LEVEL = 0;
				GCC_PREPROCESSOR_DEFINITIONS = (
					"DEBUG=1",
					"$(inherited)",
				);
				GCC_WARN_64_TO_32_BIT_CONVERSION = YES;
				GCC_WARN_ABOUT_RETURN_TYPE = YES_ERROR;
				GCC_WARN_UNDECLARED_SELECTOR = YES;
				GCC_WARN_UNINITIALIZED_AUTOS = YES_AGGRESSIVE;
				GCC_WARN_UNUSED_FUNCTION = YES;
				GCC_WARN_UNUSED_VARIABLE = YES;
				IPHONEOS_DEPLOYMENT_TARGET = 13.2;
				MTL_ENABLE_DEBUG_INFO = INCLUDE_SOURCE;
				MTL_FAST_MATH = YES;
				ONLY_ACTIVE_ARCH = YES;
				SDKROOT = iphoneos;
				SWIFT_ACTIVE_COMPILATION_CONDITIONS = DEBUG;
				SWIFT_OPTIMIZATION_LEVEL = "-Onone";
			};
			name = Debug;
		};
		301DC127240D899F000C5C85 /* Release */ = {
			isa = XCBuildConfiguration;
			buildSettings = {
				ALWAYS_SEARCH_USER_PATHS = NO;
				CLANG_ANALYZER_NONNULL = YES;
				CLANG_ANALYZER_NUMBER_OBJECT_CONVERSION = YES_AGGRESSIVE;
				CLANG_CXX_LANGUAGE_STANDARD = "gnu++14";
				CLANG_CXX_LIBRARY = "libc++";
				CLANG_ENABLE_MODULES = YES;
				CLANG_ENABLE_OBJC_ARC = YES;
				CLANG_ENABLE_OBJC_WEAK = YES;
				CLANG_WARN_BLOCK_CAPTURE_AUTORELEASING = YES;
				CLANG_WARN_BOOL_CONVERSION = YES;
				CLANG_WARN_COMMA = YES;
				CLANG_WARN_CONSTANT_CONVERSION = YES;
				CLANG_WARN_DEPRECATED_OBJC_IMPLEMENTATIONS = YES;
				CLANG_WARN_DIRECT_OBJC_ISA_USAGE = YES_ERROR;
				CLANG_WARN_DOCUMENTATION_COMMENTS = YES;
				CLANG_WARN_EMPTY_BODY = YES;
				CLANG_WARN_ENUM_CONVERSION = YES;
				CLANG_WARN_INFINITE_RECURSION = YES;
				CLANG_WARN_INT_CONVERSION = YES;
				CLANG_WARN_NON_LITERAL_NULL_CONVERSION = YES;
				CLANG_WARN_OBJC_IMPLICIT_RETAIN_SELF = YES;
				CLANG_WARN_OBJC_LITERAL_CONVERSION = YES;
				CLANG_WARN_OBJC_ROOT_CLASS = YES_ERROR;
				CLANG_WARN_RANGE_LOOP_ANALYSIS = YES;
				CLANG_WARN_STRICT_PROTOTYPES = YES;
				CLANG_WARN_SUSPICIOUS_MOVE = YES;
				CLANG_WARN_UNGUARDED_AVAILABILITY = YES_AGGRESSIVE;
				CLANG_WARN_UNREACHABLE_CODE = YES;
				CLANG_WARN__DUPLICATE_METHOD_MATCH = YES;
				COPY_PHASE_STRIP = NO;
				DEBUG_INFORMATION_FORMAT = "dwarf-with-dsym";
				ENABLE_NS_ASSERTIONS = NO;
				ENABLE_STRICT_OBJC_MSGSEND = YES;
				GCC_C_LANGUAGE_STANDARD = gnu11;
				GCC_NO_COMMON_BLOCKS = YES;
				GCC_WARN_64_TO_32_BIT_CONVERSION = YES;
				GCC_WARN_ABOUT_RETURN_TYPE = YES_ERROR;
				GCC_WARN_UNDECLARED_SELECTOR = YES;
				GCC_WARN_UNINITIALIZED_AUTOS = YES_AGGRESSIVE;
				GCC_WARN_UNUSED_FUNCTION = YES;
				GCC_WARN_UNUSED_VARIABLE = YES;
				IPHONEOS_DEPLOYMENT_TARGET = 13.2;
				MTL_ENABLE_DEBUG_INFO = NO;
				MTL_FAST_MATH = YES;
				SDKROOT = iphoneos;
				SWIFT_COMPILATION_MODE = wholemodule;
				SWIFT_OPTIMIZATION_LEVEL = "-O";
				VALIDATE_PRODUCT = YES;
			};
			name = Release;
		};
		301DC129240D899F000C5C85 /* Debug */ = {
			isa = XCBuildConfiguration;
			buildSettings = {
				ASSETCATALOG_COMPILER_APPICON_NAME = AppIcon;
				CODE_SIGN_STYLE = Automatic;
				INFOPLIST_FILE = "meu dia/Info.plist";
				LD_RUNPATH_SEARCH_PATHS = (
					"$(inherited)",
					"@executable_path/Frameworks",
				);
				PRODUCT_BUNDLE_IDENTIFIER = "br.ufpe.cin.academy.meu-dia";
				PRODUCT_NAME = "$(TARGET_NAME)";
				SWIFT_VERSION = 5.0;
				TARGETED_DEVICE_FAMILY = "1,2";
			};
			name = Debug;
		};
		301DC12A240D899F000C5C85 /* Release */ = {
			isa = XCBuildConfiguration;
			buildSettings = {
				ASSETCATALOG_COMPILER_APPICON_NAME = AppIcon;
				CODE_SIGN_STYLE = Automatic;
				INFOPLIST_FILE = "meu dia/Info.plist";
				LD_RUNPATH_SEARCH_PATHS = (
					"$(inherited)",
					"@executable_path/Frameworks",
				);
				PRODUCT_BUNDLE_IDENTIFIER = "br.ufpe.cin.academy.meu-dia";
				PRODUCT_NAME = "$(TARGET_NAME)";
				SWIFT_VERSION = 5.0;
				TARGETED_DEVICE_FAMILY = "1,2";
			};
			name = Release;
		};
/* End XCBuildConfiguration section */

/* Begin XCConfigurationList section */
		301DC10F240D899D000C5C85 /* Build configuration list for PBXProject "meu dia" */ = {
			isa = XCConfigurationList;
			buildConfigurations = (
				301DC126240D899F000C5C85 /* Debug */,
				301DC127240D899F000C5C85 /* Release */,
			);
			defaultConfigurationIsVisible = 0;
			defaultConfigurationName = Release;
		};
		301DC128240D899F000C5C85 /* Build configuration list for PBXNativeTarget "meu dia" */ = {
			isa = XCConfigurationList;
			buildConfigurations = (
				301DC129240D899F000C5C85 /* Debug */,
				301DC12A240D899F000C5C85 /* Release */,
			);
			defaultConfigurationIsVisible = 0;
			defaultConfigurationName = Release;
		};
/* End XCConfigurationList section */
	};
	rootObject = 301DC10C240D899D000C5C85 /* Project object */;
}
